{
  "name": "time-manip",
  "version": "1.0.0",
  "lockfileVersion": 2,
  "requires": true,
  "packages": {
    "": {
      "name": "time-manip",
      "version": "1.0.0",
      "license": "ISC",
      "dependencies": {
        "time-manip": "^1.0.0"
      }
    },
    "node_modules/time-manip": {
      "version": "1.0.0",
      "resolved": "https://registry.npmjs.org/time-manip/-/time-manip-1.0.0.tgz",
      "integrity": "sha512-1Ca0husZX5TBRIrrCSPjvr69Konzrg2wAcaKxexQjvFI8Lt0cZ8sxZjxKViynHKX6mRKJMJu5qqcu4+2k0ihRg=="
    }
  }
}
